// !$*UTF8*$!
{
	archiveVersion = 1;
	classes = {
	};
	objectVersion = 46;
	objects = {

/* Begin PBXBuildFile section */
		A744BADD1A58BBF80057DE5D /* AppDelegate.swift in Sources */ = {isa = PBXBuildFile; fileRef = A744BADC1A58BBF80057DE5D /* AppDelegate.swift */; };
		A744BADF1A58BBF80057DE5D /* ViewController.swift in Sources */ = {isa = PBXBuildFile; fileRef = A744BADE1A58BBF80057DE5D /* ViewController.swift */; };
		A744BAE21A58BBF80057DE5D /* Main.storyboard in Resources */ = {isa = PBXBuildFile; fileRef = A744BAE01A58BBF80057DE5D /* Main.storyboard */; };
		A744BAE41A58BBF80057DE5D /* Images.xcassets in Resources */ = {isa = PBXBuildFile; fileRef = A744BAE31A58BBF80057DE5D /* Images.xcassets */; };
		A744BAE71A58BBF80057DE5D /* LaunchScreen.xib in Resources */ = {isa = PBXBuildFile; fileRef = A744BAE51A58BBF80057DE5D /* LaunchScreen.xib */; };
		A744BAF31A58BBF80057DE5D /* MultitaskingDemoTests.swift in Sources */ = {isa = PBXBuildFile; fileRef = A744BAF21A58BBF80057DE5D /* MultitaskingDemoTests.swift */; };
/* End PBXBuildFile section */

/* Begin PBXContainerItemProxy section */
		A744BAED1A58BBF80057DE5D /* PBXContainerItemProxy */ = {
			isa = PBXContainerItemProxy;
			containerPortal = A744BACF1A58BBF80057DE5D /* Project object */;
			proxyType = 1;
			remoteGlobalIDString = A744BAD61A58BBF80057DE5D;
			remoteInfo = MultitaskingDemo;
		};
/* End PBXContainerItemProxy section */

/* Begin PBXFileReference section */
		A744BAD71A58BBF80057DE5D /* MultitaskingDemo.app */ = {isa = PBXFileReference; explicitFileType = wrapper.application; includeInIndex = 0; path = MultitaskingDemo.app; sourceTree = BUILT_PRODUCTS_DIR; };
		A744BADB1A58BBF80057DE5D /* Info.plist */ = {isa = PBXFileReference; lastKnownFileType = text.plist.xml; path = Info.plist; sourceTree = "<group>"; };
		A744BADC1A58BBF80057DE5D /* AppDelegate.swift */ = {isa = PBXFileReference; lastKnownFileType = sourcecode.swift; path = AppDelegate.swift; sourceTree = "<group>"; };
		A744BADE1A58BBF80057DE5D /* ViewController.swift */ = {isa = PBXFileReference; lastKnownFileType = sourcecode.swift; path = ViewController.swift; sourceTree = "<group>"; };
		A744BAE11A58BBF80057DE5D /* Base */ = {isa = PBXFileReference; lastKnownFileType = file.storyboard; name = Base; path = Base.lproj/Main.storyboard; sourceTree = "<group>"; };
		A744BAE31A58BBF80057DE5D /* Images.xcassets */ = {isa = PBXFileReference; lastKnownFileType = folder.assetcatalog; path = Images.xcassets; sourceTree = "<group>"; };
		A744BAE61A58BBF80057DE5D /* Base */ = {isa = PBXFileReference; lastKnownFileType = file.xib; name = Base; path = Base.lproj/LaunchScreen.xib; sourceTree = "<group>"; };
		A744BAEC1A58BBF80057DE5D /* MultitaskingDemoTests.xctest */ = {isa = PBXFileReference; explicitFileType = wrapper.cfbundle; includeInIndex = 0; path = MultitaskingDemoTests.xctest; sourceTree = BUILT_PRODUCTS_DIR; };
		A744BAF11A58BBF80057DE5D /* Info.plist */ = {isa = PBXFileReference; lastKnownFileType = text.plist.xml; path = Info.plist; sourceTree = "<group>"; };
		A744BAF21A58BBF80057DE5D /* MultitaskingDemoTests.swift */ = {isa = PBXFileReference; lastKnownFileType = sourcecode.swift; path = MultitaskingDemoTests.swift; sourceTree = "<group>"; };
/* End PBXFileReference section */

/* Begin PBXFrameworksBuildPhase section */
		A744BAD41A58BBF80057DE5D /* Frameworks */ = {
			isa = PBXFrameworksBuildPhase;
			buildActionMask = 2147483647;
			files = (
			);
			runOnlyForDeploymentPostprocessing = 0;
		};
		A744BAE91A58BBF80057DE5D /* Frameworks */ = {
			isa = PBXFrameworksBuildPhase;
			buildActionMask = 2147483647;
			files = (
			);
			runOnlyForDeploymentPostprocessing = 0;
		};
/* End PBXFrameworksBuildPhase section */

/* Begin PBXGroup section */
		A744BACE1A58BBF80057DE5D = {
			isa = PBXGroup;
			children = (
				A744BAD91A58BBF80057DE5D /* MultitaskingDemo */,
				A744BAEF1A58BBF80057DE5D /* MultitaskingDemoTests */,
				A744BAD81A58BBF80057DE5D /* Products */,
			);
			sourceTree = "<group>";
		};
		A744BAD81A58BBF80057DE5D /* Products */ = {
			isa = PBXGroup;
			children = (
				A744BAD71A58BBF80057DE5D /* MultitaskingDemo.app */,
				A744BAEC1A58BBF80057DE5D /* MultitaskingDemoTests.xctest */,
			);
			name = Products;
			sourceTree = "<group>";
		};
		A744BAD91A58BBF80057DE5D /* MultitaskingDemo */ = {
			isa = PBXGroup;
			children = (
				A744BADC1A58BBF80057DE5D /* AppDelegate.swift */,
				A744BADE1A58BBF80057DE5D /* ViewController.swift */,
				A744BAE01A58BBF80057DE5D /* Main.storyboard */,
				A744BAE31A58BBF80057DE5D /* Images.xcassets */,
				A744BAE51A58BBF80057DE5D /* LaunchScreen.xib */,
				A744BADA1A58BBF80057DE5D /* Supporting Files */,
			);
			path = MultitaskingDemo;
			sourceTree = "<group>";
		};
		A744BADA1A58BBF80057DE5D /* Supporting Files */ = {
			isa = PBXGroup;
			children = (
				A744BADB1A58BBF80057DE5D /* Info.plist */,
			);
			name = "Supporting Files";
			sourceTree = "<group>";
		};
		A744BAEF1A58BBF80057DE5D /* MultitaskingDemoTests */ = {
			isa = PBXGroup;
			children = (
				A744BAF21A58BBF80057DE5D /* MultitaskingDemoTests.swift */,
				A744BAF01A58BBF80057DE5D /* Supporting Files */,
			);
			path = MultitaskingDemoTests;
			sourceTree = "<group>";
		};
		A744BAF01A58BBF80057DE5D /* Supporting Files */ = {
			isa = PBXGroup;
			children = (
				A744BAF11A58BBF80057DE5D /* Info.plist */,
			);
			name = "Supporting Files";
			sourceTree = "<group>";
		};
/* End PBXGroup section */

/* Begin PBXNativeTarget section */
		A744BAD61A58BBF80057DE5D /* MultitaskingDemo */ = {
			isa = PBXNativeTarget;
			buildConfigurationList = A744BAF61A58BBF80057DE5D /* Build configuration list for PBXNativeTarget "MultitaskingDemo" */;
			buildPhases = (
				A744BAD31A58BBF80057DE5D /* Sources */,
				A744BAD41A58BBF80057DE5D /* Frameworks */,
				A744BAD51A58BBF80057DE5D /* Resources */,
			);
			buildRules = (
			);
			dependencies = (
			);
			name = MultitaskingDemo;
			productName = MultitaskingDemo;
			productReference = A744BAD71A58BBF80057DE5D /* MultitaskingDemo.app */;
			productType = "com.apple.product-type.application";
		};
		A744BAEB1A58BBF80057DE5D /* MultitaskingDemoTests */ = {
			isa = PBXNativeTarget;
			buildConfigurationList = A744BAF91A58BBF80057DE5D /* Build configuration list for PBXNativeTarget "MultitaskingDemoTests" */;
			buildPhases = (
				A744BAE81A58BBF80057DE5D /* Sources */,
				A744BAE91A58BBF80057DE5D /* Frameworks */,
				A744BAEA1A58BBF80057DE5D /* Resources */,
			);
			buildRules = (
			);
			dependencies = (
				A744BAEE1A58BBF80057DE5D /* PBXTargetDependency */,
			);
			name = MultitaskingDemoTests;
			productName = MultitaskingDemoTests;
			productReference = A744BAEC1A58BBF80057DE5D /* MultitaskingDemoTests.xctest */;
			productType = "com.apple.product-type.bundle.unit-test";
		};
/* End PBXNativeTarget section */

/* Begin PBXProject section */
		A744BACF1A58BBF80057DE5D /* Project object */ = {
			isa = PBXProject;
			attributes = {
				LastUpgradeCheck = 0610;
				ORGANIZATIONNAME = Yosemite;
				TargetAttributes = {
					A744BAD61A58BBF80057DE5D = {
						CreatedOnToolsVersion = 6.1.1;
					};
					A744BAEB1A58BBF80057DE5D = {
						CreatedOnToolsVersion = 6.1.1;
						TestTargetID = A744BAD61A58BBF80057DE5D;
					};
				};
			};
			buildConfigurationList = A744BAD21A58BBF80057DE5D /* Build configuration list for PBXProject "MultitaskingDemo" */;
			compatibilityVersion = "Xcode 3.2";
			developmentRegion = English;
			hasScannedForEncodings = 0;
			knownRegions = (
				en,
				Base,
			);
			mainGroup = A744BACE1A58BBF80057DE5D;
			productRefGroup = A744BAD81A58BBF80057DE5D /* Products */;
			projectDirPath = "";
			projectRoot = "";
			targets = (
				A744BAD61A58BBF80057DE5D /* MultitaskingDemo */,
				A744BAEB1A58BBF80057DE5D /* MultitaskingDemoTests */,
			);
		};
/* End PBXProject section */

/* Begin PBXResourcesBuildPhase section */
		A744BAD51A58BBF80057DE5D /* Resources */ = {
			isa = PBXResourcesBuildPhase;
			buildActionMask = 2147483647;
			files = (
				A744BAE21A58BBF80057DE5D /* Main.storyboard in Resources */,
				A744BAE71A58BBF80057DE5D /* LaunchScreen.xib in Resources */,
				A744BAE41A58BBF80057DE5D /* Images.xcassets in Resources */,
			);
			runOnlyForDeploymentPostprocessing = 0;
		};
		A744BAEA1A58BBF80057DE5D /* Resources */ = {
			isa = PBXResourcesBuildPhase;
			buildActionMask = 2147483647;
			files = (
			);
			runOnlyForDeploymentPostprocessing = 0;
		};
/* End PBXResourcesBuildPhase section */

/* Begin PBXSourcesBuildPhase section */
		A744BAD31A58BBF80057DE5D /* Sources */ = {
			isa = PBXSourcesBuildPhase;
			buildActionMask = 2147483647;
			files = (
				A744BADF1A58BBF80057DE5D /* ViewController.swift in Sources */,
				A744BADD1A58BBF80057DE5D /* AppDelegate.swift in Sources */,
			);
			runOnlyForDeploymentPostprocessing = 0;
		};
		A744BAE81A58BBF80057DE5D /* Sources */ = {
			isa = PBXSourcesBuildPhase;
			buildActionMask = 2147483647;
			files = (
				A744BAF31A58BBF80057DE5D /* MultitaskingDemoTests.swift in Sources */,
			);
			runOnlyForDeploymentPostprocessing = 0;
		};
/* End PBXSourcesBuildPhase section */

/* Begin PBXTargetDependency section */
		A744BAEE1A58BBF80057DE5D /* PBXTargetDependency */ = {
			isa = PBXTargetDependency;
			target = A744BAD61A58BBF80057DE5D /* MultitaskingDemo */;
			targetProxy = A744BAED1A58BBF80057DE5D /* PBXContainerItemProxy */;
		};
/* End PBXTargetDependency section */

/* Begin PBXVariantGroup section */
		A744BAE01A58BBF80057DE5D /* Main.storyboard */ = {
			isa = PBXVariantGroup;
			children = (
				A744BAE11A58BBF80057DE5D /* Base */,
			);
			name = Main.storyboard;
			sourceTree = "<group>";
		};
		A744BAE51A58BBF80057DE5D /* LaunchScreen.xib */ = {
			isa = PBXVariantGroup;
			children = (
				A744BAE61A58BBF80057DE5D /* Base */,
			);
			name = LaunchScreen.xib;
			sourceTree = "<group>";
		};
/* End PBXVariantGroup section */

/* Begin XCBuildConfiguration section */
		A744BAF41A58BBF80057DE5D /* Debug */ = {
			isa = XCBuildConfiguration;
			buildSettings = {
				ALWAYS_SEARCH_USER_PATHS = NO;
				CLANG_CXX_LANGUAGE_STANDARD = "gnu++0x";
				CLANG_CXX_LIBRARY = "libc++";
				CLANG_ENABLE_MODULES = YES;
				CLANG_ENABLE_OBJC_ARC = YES;
				CLANG_WARN_BOOL_CONVERSION = YES;
				CLANG_WARN_CONSTANT_CONVERSION = YES;
				CLANG_WARN_DIRECT_OBJC_ISA_USAGE = YES_ERROR;
				CLANG_WARN_EMPTY_BODY = YES;
				CLANG_WARN_ENUM_CONVERSION = YES;
				CLANG_WARN_INT_CONVERSION = YES;
				CLANG_WARN_OBJC_ROOT_CLASS = YES_ERROR;
				CLANG_WARN_UNREACHABLE_CODE = YES;
				CLANG_WARN__DUPLICATE_METHOD_MATCH = YES;
				"CODE_SIGN_IDENTITY[sdk=iphoneos*]" = "iPhone Developer";
				COPY_PHASE_STRIP = NO;
				ENABLE_STRICT_OBJC_MSGSEND = YES;
				GCC_C_LANGUAGE_STANDARD = gnu99;
				GCC_DYNAMIC_NO_PIC = NO;
				GCC_OPTIMIZATION_LEVEL = 0;
				GCC_PREPROCESSOR_DEFINITIONS = (
					"DEBUG=1",
					"$(inherited)",
				);
				GCC_SYMBOLS_PRIVATE_EXTERN = NO;
				GCC_WARN_64_TO_32_BIT_CONVERSION = YES;
				GCC_WARN_ABOUT_RETURN_TYPE = YES_ERROR;
				GCC_WARN_UNDECLARED_SELECTOR = YES;
				GCC_WARN_UNINITIALIZED_AUTOS = YES_AGGRESSIVE;
				GCC_WARN_UNUSED_FUNCTION = YES;
				GCC_WARN_UNUSED_VARIABLE = YES;
				IPHONEOS_DEPLOYMENT_TARGET = 8.1;
				MTL_ENABLE_DEBUG_INFO = YES;
				ONLY_ACTIVE_ARCH = YES;
				SDKROOT = iphoneos;
				SWIFT_OPTIMIZATION_LEVEL = "-Onone";
			};
			name = Debug;
		};
		A744BAF51A58BBF80057DE5D /* Release */ = {
			isa = XCBuildConfiguration;
			buildSettings = {
				ALWAYS_SEARCH_USER_PATHS = NO;
				CLANG_CXX_LANGUAGE_STANDARD = "gnu++0x";
				CLANG_CXX_LIBRARY = "libc++";
				CLANG_ENABLE_MODULES = YES;
				CLANG_ENABLE_OBJC_ARC = YES;
				CLANG_WARN_BOOL_CONVERSION = YES;
				CLANG_WARN_CONSTANT_CONVERSION = YES;
				CLANG_WARN_DIRECT_OBJC_ISA_USAGE = YES_ERROR;
				CLANG_WARN_EMPTY_BODY = YES;
				CLANG_WARN_ENUM_CONVERSION = YES;
				CLANG_WARN_INT_CONVERSION = YES;
				CLANG_WARN_OBJC_ROOT_CLASS = YES_ERROR;
				CLANG_WARN_UNREACHABLE_CODE = YES;
				CLANG_WARN__DUPLICATE_METHOD_MATCH = YES;
				"CODE_SIGN_IDENTITY[sdk=iphoneos*]" = "iPhone Developer";
				COPY_PHASE_STRIP = YES;
				ENABLE_NS_ASSERTIONS = NO;
				ENABLE_STRICT_OBJC_MSGSEND = YES;
				GCC_C_LANGUAGE_STANDARD = gnu99;
				GCC_WARN_64_TO_32_BIT_CONVERSION = YES;
				GCC_WARN_ABOUT_RETURN_TYPE = YES_ERROR;
				GCC_WARN_UNDECLARED_SELECTOR = YES;
				GCC_WARN_UNINITIALIZED_AUTOS = YES_AGGRESSIVE;
				GCC_WARN_UNUSED_FUNCTION = YES;
				GCC_WARN_UNUSED_VARIABLE = YES;
				IPHONEOS_DEPLOYMENT_TARGET = 8.1;
				MTL_ENABLE_DEBUG_INFO = NO;
				SDKROOT = iphoneos;
				VALIDATE_PRODUCT = YES;
			};
			name = Release;
		};
		A744BAF71A58BBF80057DE5D /* Debug */ = {
			isa = XCBuildConfiguration;
			buildSettings = {
				ASSETCATALOG_COMPILER_APPICON_NAME = AppIcon;
				INFOPLIST_FILE = MultitaskingDemo/Info.plist;
				LD_RUNPATH_SEARCH_PATHS = "$(inherited) @executable_path/Frameworks";
				PRODUCT_NAME = "$(TARGET_NAME)";
			};
			name = Debug;
		};
		A744BAF81A58BBF80057DE5D /* Release */ = {
			isa = XCBuildConfiguration;
			buildSettings = {
				ASSETCATALOG_COMPILER_APPICON_NAME = AppIcon;
				INFOPLIST_FILE = MultitaskingDemo/Info.plist;
				LD_RUNPATH_SEARCH_PATHS = "$(inherited) @executable_path/Frameworks";
				PRODUCT_NAME = "$(TARGET_NAME)";
			};
			name = Release;
		};
		A744BAFA1A58BBF80057DE5D /* Debug */ = {
			isa = XCBuildConfiguration;
			buildSettings = {
				BUNDLE_LOADER = "$(TEST_HOST)";
				FRAMEWORK_SEARCH_PATHS = (
					"$(SDKROOT)/Developer/Library/Frameworks",
					"$(inherited)",
				);
				GCC_PREPROCESSOR_DEFINITIONS = (
					"DEBUG=1",
					"$(inherited)",
				);
				INFOPLIST_FILE = MultitaskingDemoTests/Info.plist;
				LD_RUNPATH_SEARCH_PATHS = "$(inherited) @executable_path/Frameworks @loader_path/Frameworks";
				PRODUCT_NAME = "$(TARGET_NAME)";
				TEST_HOST = "$(BUILT_PRODUCTS_DIR)/MultitaskingDemo.app/MultitaskingDemo";
			};
			name = Debug;
		};
		A744BAFB1A58BBF80057DE5D /* Release */ = {
			isa = XCBuildConfiguration;
			buildSettings = {
				BUNDLE_LOADER = "$(TEST_HOST)";
				FRAMEWORK_SEARCH_PATHS = (
					"$(SDKROOT)/Developer/Library/Frameworks",
					"$(inherited)",
				);
				INFOPLIST_FILE = MultitaskingDemoTests/Info.plist;
				LD_RUNPATH_SEARCH_PATHS = "$(inherited) @executable_path/Frameworks @loader_path/Frameworks";
				PRODUCT_NAME = "$(TARGET_NAME)";
				TEST_HOST = "$(BUILT_PRODUCTS_DIR)/MultitaskingDemo.app/MultitaskingDemo";
			};
			name = Release;
		};
/* End XCBuildConfiguration section */

/* Begin XCConfigurationList section */
		A744BAD21A58BBF80057DE5D /* Build configuration list for PBXProject "MultitaskingDemo" */ = {
			isa = XCConfigurationList;
			buildConfigurations = (
				A744BAF41A58BBF80057DE5D /* Debug */,
				A744BAF51A58BBF80057DE5D /* Release */,
			);
			defaultConfigurationIsVisible = 0;
			defaultConfigurationName = Release;
		};
		A744BAF61A58BBF80057DE5D /* Build configuration list for PBXNativeTarget "MultitaskingDemo" */ = {
			isa = XCConfigurationList;
			buildConfigurations = (
				A744BAF71A58BBF80057DE5D /* Debug */,
				A744BAF81A58BBF80057DE5D /* Release */,
			);
			defaultConfigurationIsVisible = 0;
		};
		A744BAF91A58BBF80057DE5D /* Build configuration list for PBXNativeTarget "MultitaskingDemoTests" */ = {
			isa = XCConfigurationList;
			buildConfigurations = (
				A744BAFA1A58BBF80057DE5D /* Debug */,
				A744BAFB1A58BBF80057DE5D /* Release */,
			);
			defaultConfigurationIsVisible = 0;
		};
/* End XCConfigurationList section */
	};
	rootObject = A744BACF1A58BBF80057DE5D /* Project object */;
}
